
Microsoft Visual Studio Solution File, Format Version 12.00
# Visual Studio Version 17
VisualStudioVersion = 17.8.34525.116
MinimumVisualStudioVersion = 10.0.40219.1
Project("{FAE04EC0-301F-11D3-BF4B-00C04F79EFBC}") = "ADO.NET_HW_25_09", "ADO.NET_HW_25_09.csproj", "{C0BA1F6F-FCB1-4CF5-B057-BE07007A3FD6}"
EndProject
Global
	GlobalSection(SolutionConfigurationPlatforms) = preSolution
		Debug|Any CPU = Debug|Any CPU
		Release|Any CPU = Release|Any CPU
	EndGlobalSection
	GlobalSection(ProjectConfigurationPlatforms) = postSolution
		{C0BA1F6F-FCB1-4CF5-B057-BE07007A3FD6}.Debug|Any CPU.ActiveCfg = Debug|Any CPU
		{C0BA1F6F-FCB1-4CF5-B057-BE07007A3FD6}.Debug|Any CPU.Build.0 = Debug|Any CPU
		{C0BA1F6F-FCB1-4CF5-B057-BE07007A3FD6}.Release|Any CPU.ActiveCfg = Release|Any CPU
		{C0BA1F6F-FCB1-4CF5-B057-BE07007A3FD6}.Release|Any CPU.Build.0 = Release|Any CPU
	EndGlobalSection
	GlobalSection(SolutionProperties) = preSolution
		HideSolutionNode = FALSE
	EndGlobalSection
	GlobalSection(ExtensibilityGlobals) = postSolution
		SolutionGuid = {4D52A419-2185-4DC4-B16A-F837859E671E}
	EndGlobalSection
EndGlobal
